
Microsoft Visual Studio Solution File, Format Version 12.00
# Visual Studio Version 16
VisualStudioVersion = 16.0.31005.135
MinimumVisualStudioVersion = 10.0.40219.1
Project("{FAE04EC0-301F-11D3-BF4B-00C04F79EFBC}") = "Leecode.Solutions", "Leecode.Solutions\Leecode.Solutions.csproj", "{119A19EC-CBCB-4B74-8771-84D9EFFFF86C}"
EndProject
Project("{FAE04EC0-301F-11D3-BF4B-00C04F79EFBC}") = "Leecode.Test", "Leecode.Test\Leecode.Test.csproj", "{20B05B5A-A243-4582-B2A4-8DE78A9F4B58}"
EndProject
Global
	GlobalSection(SolutionConfigurationPlatforms) = preSolution
		Debug|Any CPU = Debug|Any CPU
		Release|Any CPU = Release|Any CPU
	EndGlobalSection
	GlobalSection(ProjectConfigurationPlatforms) = postSolution
		{119A19EC-CBCB-4B74-8771-84D9EFFFF86C}.Debug|Any CPU.ActiveCfg = Debug|Any CPU
		{119A19EC-CBCB-4B74-8771-84D9EFFFF86C}.Debug|Any CPU.Build.0 = Debug|Any CPU
		{119A19EC-CBCB-4B74-8771-84D9EFFFF86C}.Release|Any CPU.ActiveCfg = Release|Any CPU
		{119A19EC-CBCB-4B74-8771-84D9EFFFF86C}.Release|Any CPU.Build.0 = Release|Any CPU
		{20B05B5A-A243-4582-B2A4-8DE78A9F4B58}.Debug|Any CPU.ActiveCfg = Debug|Any CPU
		{20B05B5A-A243-4582-B2A4-8DE78A9F4B58}.Debug|Any CPU.Build.0 = Debug|Any CPU
		{20B05B5A-A243-4582-B2A4-8DE78A9F4B58}.Release|Any CPU.ActiveCfg = Release|Any CPU
		{20B05B5A-A243-4582-B2A4-8DE78A9F4B58}.Release|Any CPU.Build.0 = Release|Any CPU
	EndGlobalSection
	GlobalSection(SolutionProperties) = preSolution
		HideSolutionNode = FALSE
	EndGlobalSection
	GlobalSection(ExtensibilityGlobals) = postSolution
		SolutionGuid = {84B548E1-0140-474D-9A87-B8E3F95A8FDD}
	EndGlobalSection
EndGlobal
